
Microsoft Visual Studio Solution File, Format Version 12.00
# Visual Studio Version 17
VisualStudioVersion = 17.5.002.0
MinimumVisualStudioVersion = 10.0.40219.1
Project("{2150E333-8FDC-42A3-9474-1A3956D46DE8}") = "src", "src", "{DB82A8A9-CD9B-4B29-B026-185C6501833D}"
EndProject
Project("{2150E333-8FDC-42A3-9474-1A3956D46DE8}") = "Services", "Services", "{2B8FABAE-DA9D-4D0A-B9AD-4DD39D1C1E73}"
EndProject
Project("{9A19103F-16F7-4668-BE54-9A1E7A4F7556}") = "CurrencyService", "src\Services\CurrencyService\CurrencyService.csproj", "{A702D672-CBC0-4681-A851-29727ACB7FEB}"
EndProject
Project("{2150E333-8FDC-42A3-9474-1A3956D46DE8}") = "tests", "tests", "{BDEB6037-FB57-423A-B147-DCDA42D4849D}"
EndProject
Project("{2150E333-8FDC-42A3-9474-1A3956D46DE8}") = "ApiGateway", "ApiGateway", "{82CE4511-4547-42D8-BA35-0A3320685C77}"
EndProject
Global
	GlobalSection(SolutionConfigurationPlatforms) = preSolution
		Debug|Any CPU = Debug|Any CPU
		Release|Any CPU = Release|Any CPU
	EndGlobalSection
	GlobalSection(ProjectConfigurationPlatforms) = postSolution
		{A702D672-CBC0-4681-A851-29727ACB7FEB}.Debug|Any CPU.ActiveCfg = Debug|Any CPU
		{A702D672-CBC0-4681-A851-29727ACB7FEB}.Debug|Any CPU.Build.0 = Debug|Any CPU
		{A702D672-CBC0-4681-A851-29727ACB7FEB}.Release|Any CPU.ActiveCfg = Release|Any CPU
		{A702D672-CBC0-4681-A851-29727ACB7FEB}.Release|Any CPU.Build.0 = Release|Any CPU
	EndGlobalSection
	GlobalSection(SolutionProperties) = preSolution
		HideSolutionNode = FALSE
	EndGlobalSection
	GlobalSection(NestedProjects) = preSolution
		{2B8FABAE-DA9D-4D0A-B9AD-4DD39D1C1E73} = {DB82A8A9-CD9B-4B29-B026-185C6501833D}
		{A702D672-CBC0-4681-A851-29727ACB7FEB} = {2B8FABAE-DA9D-4D0A-B9AD-4DD39D1C1E73}
		{82CE4511-4547-42D8-BA35-0A3320685C77} = {DB82A8A9-CD9B-4B29-B026-185C6501833D}
	EndGlobalSection
	GlobalSection(ExtensibilityGlobals) = postSolution
		SolutionGuid = {8DE1A9DA-8447-4892-B372-E07CB8CE5757}
	EndGlobalSection
EndGlobal
