
Microsoft Visual Studio Solution File, Format Version 12.00
# Visual Studio Version 17
VisualStudioVersion = 17.5.002.0
MinimumVisualStudioVersion = 10.0.40219.1
Project("{2150E333-8FDC-42A3-9474-1A3956D46DE8}") = "src", "src", "{DB82A8A9-CD9B-4B29-B026-185C6501833D}"
EndProject
Project("{2150E333-8FDC-42A3-9474-1A3956D46DE8}") = "Services", "Services", "{2B8FABAE-DA9D-4D0A-B9AD-4DD39D1C1E73}"
EndProject
Project("{9A19103F-16F7-4668-BE54-9A1E7A4F7556}") = "CurrencyService", "src\Services\CurrencyService\CurrencyService.csproj", "{A702D672-CBC0-4681-A851-29727ACB7FEB}"
EndProject
Project("{2150E333-8FDC-42A3-9474-1A3956D46DE8}") = "tests", "tests", "{BDEB6037-FB57-423A-B147-DCDA42D4849D}"
EndProject
Project("{FAE04EC0-301F-11D3-BF4B-00C04F79EFBC}") = "ApiGateway", "src\ApiGateway\ApiGateway.csproj", "{9026A7E4-08A2-430D-96C0-CD4AD680E71D}"
EndProject
Project("{FAE04EC0-301F-11D3-BF4B-00C04F79EFBC}") = "CurrencyService.Tests", "tests\CurrencyService.Tests\CurrencyService.Tests.csproj", "{81EE77DC-9C89-4449-B031-22D7DF4BFF97}"
EndProject
Global
	GlobalSection(SolutionConfigurationPlatforms) = preSolution
		Debug|Any CPU = Debug|Any CPU
		Release|Any CPU = Release|Any CPU
	EndGlobalSection
	GlobalSection(ProjectConfigurationPlatforms) = postSolution
		{A702D672-CBC0-4681-A851-29727ACB7FEB}.Debug|Any CPU.ActiveCfg = Debug|Any CPU
		{A702D672-CBC0-4681-A851-29727ACB7FEB}.Debug|Any CPU.Build.0 = Debug|Any CPU
		{A702D672-CBC0-4681-A851-29727ACB7FEB}.Release|Any CPU.ActiveCfg = Release|Any CPU
		{A702D672-CBC0-4681-A851-29727ACB7FEB}.Release|Any CPU.Build.0 = Release|Any CPU
		{9026A7E4-08A2-430D-96C0-CD4AD680E71D}.Debug|Any CPU.ActiveCfg = Debug|Any CPU
		{9026A7E4-08A2-430D-96C0-CD4AD680E71D}.Debug|Any CPU.Build.0 = Debug|Any CPU
		{9026A7E4-08A2-430D-96C0-CD4AD680E71D}.Release|Any CPU.ActiveCfg = Release|Any CPU
		{9026A7E4-08A2-430D-96C0-CD4AD680E71D}.Release|Any CPU.Build.0 = Release|Any CPU
		{81EE77DC-9C89-4449-B031-22D7DF4BFF97}.Debug|Any CPU.ActiveCfg = Debug|Any CPU
		{81EE77DC-9C89-4449-B031-22D7DF4BFF97}.Debug|Any CPU.Build.0 = Debug|Any CPU
		{81EE77DC-9C89-4449-B031-22D7DF4BFF97}.Release|Any CPU.ActiveCfg = Release|Any CPU
		{81EE77DC-9C89-4449-B031-22D7DF4BFF97}.Release|Any CPU.Build.0 = Release|Any CPU
	EndGlobalSection
	GlobalSection(SolutionProperties) = preSolution
		HideSolutionNode = FALSE
	EndGlobalSection
	GlobalSection(NestedProjects) = preSolution
		{2B8FABAE-DA9D-4D0A-B9AD-4DD39D1C1E73} = {DB82A8A9-CD9B-4B29-B026-185C6501833D}
		{A702D672-CBC0-4681-A851-29727ACB7FEB} = {2B8FABAE-DA9D-4D0A-B9AD-4DD39D1C1E73}
		{9026A7E4-08A2-430D-96C0-CD4AD680E71D} = {DB82A8A9-CD9B-4B29-B026-185C6501833D}
		{81EE77DC-9C89-4449-B031-22D7DF4BFF97} = {BDEB6037-FB57-423A-B147-DCDA42D4849D}
	EndGlobalSection
	GlobalSection(ExtensibilityGlobals) = postSolution
		SolutionGuid = {8DE1A9DA-8447-4892-B372-E07CB8CE5757}
	EndGlobalSection
EndGlobal
